
Microsoft Visual Studio Solution File, Format Version 12.00
# Visual Studio Version 17
VisualStudioVersion = 17.8.34330.188
MinimumVisualStudioVersion = 10.0.40219.1
Project("{9A19103F-16F7-4668-BE54-9A1E7A4F7556}") = "SeiyuuSync", "SeiyuuSync.csproj", "{F4B8BD2A-4896-452B-9EA2-A5A597C45D89}"
EndProject
Global
	GlobalSection(SolutionConfigurationPlatforms) = preSolution
		Debug|Any CPU = Debug|Any CPU
		Debug|x64 = Debug|x64
		Release|Any CPU = Release|Any CPU
		Release|x64 = Release|x64
	EndGlobalSection
	GlobalSection(ProjectConfigurationPlatforms) = postSolution
		{F4B8BD2A-4896-452B-9EA2-A5A597C45D89}.Debug|Any CPU.ActiveCfg = Debug|Any CPU
		{F4B8BD2A-4896-452B-9EA2-A5A597C45D89}.Debug|Any CPU.Build.0 = Debug|Any CPU
		{F4B8BD2A-4896-452B-9EA2-A5A597C45D89}.Debug|x64.ActiveCfg = Debug|x64
		{F4B8BD2A-4896-452B-9EA2-A5A597C45D89}.Debug|x64.Build.0 = Debug|x64
		{F4B8BD2A-4896-452B-9EA2-A5A597C45D89}.Release|Any CPU.ActiveCfg = Release|Any CPU
		{F4B8BD2A-4896-452B-9EA2-A5A597C45D89}.Release|Any CPU.Build.0 = Release|Any CPU
		{F4B8BD2A-4896-452B-9EA2-A5A597C45D89}.Release|x64.ActiveCfg = Release|x64
		{F4B8BD2A-4896-452B-9EA2-A5A597C45D89}.Release|x64.Build.0 = Release|x64
	EndGlobalSection
	GlobalSection(SolutionProperties) = preSolution
		HideSolutionNode = FALSE
	EndGlobalSection
	GlobalSection(ExtensibilityGlobals) = postSolution
		SolutionGuid = {30EB2B07-2F6A-45CE-BF8B-F04128A1665B}
	EndGlobalSection
EndGlobal
