
Microsoft Visual Studio Solution File, Format Version 12.00
# Visual Studio Version 17
VisualStudioVersion = 17.8.34330.188
MinimumVisualStudioVersion = 10.0.40219.1
Project("{FAE04EC0-301F-11D3-BF4B-00C04F79EFBC}") = "SeiyuuSync", "SeiyuuSync.csproj", "{F4B8BD2A-4896-452B-9EA2-A5A597C45D89}"
EndProject
Global
	GlobalSection(SolutionConfigurationPlatforms) = preSolution
		Debug|Any CPU = Debug|Any CPU
		Release|Any CPU = Release|Any CPU
	EndGlobalSection
	GlobalSection(ProjectConfigurationPlatforms) = postSolution
		{F4B8BD2A-4896-452B-9EA2-A5A597C45D89}.Debug|Any CPU.ActiveCfg = Debug|Any CPU
		{F4B8BD2A-4896-452B-9EA2-A5A597C45D89}.Debug|Any CPU.Build.0 = Debug|Any CPU
		{F4B8BD2A-4896-452B-9EA2-A5A597C45D89}.Release|Any CPU.ActiveCfg = Release|Any CPU
		{F4B8BD2A-4896-452B-9EA2-A5A597C45D89}.Release|Any CPU.Build.0 = Release|Any CPU
	EndGlobalSection
	GlobalSection(SolutionProperties) = preSolution
		HideSolutionNode = FALSE
	EndGlobalSection
	GlobalSection(ExtensibilityGlobals) = postSolution
		SolutionGuid = {30EB2B07-2F6A-45CE-BF8B-F04128A1665B}
	EndGlobalSection
EndGlobal
